
Microsoft Visual Studio Solution File, Format Version 12.00
# Visual Studio Version 16
VisualStudioVersion = 16.0.29519.87
MinimumVisualStudioVersion = 10.0.40219.1
Project("{9A19103F-16F7-4668-BE54-9A1E7A4F7556}") = "XamarinNavigation", "XamNavigation\XamarinNavigation\XamarinNavigation.csproj", "{F813DE72-D726-441E-9FF4-98C76A0DFD18}"
EndProject
Project("{FAE04EC0-301F-11D3-BF4B-00C04F79EFBC}") = "XamarinNavigation.Android", "XamNavigation\XamarinNavigation.Android\XamarinNavigation.Android.csproj", "{204BEAF6-9028-4D12-94CA-FB19159BD013}"
EndProject
Global
	GlobalSection(SolutionConfigurationPlatforms) = preSolution
		Debug|Any CPU = Debug|Any CPU
		Release|Any CPU = Release|Any CPU
	EndGlobalSection
	GlobalSection(ProjectConfigurationPlatforms) = postSolution
		{F813DE72-D726-441E-9FF4-98C76A0DFD18}.Debug|Any CPU.ActiveCfg = Debug|Any CPU
		{F813DE72-D726-441E-9FF4-98C76A0DFD18}.Debug|Any CPU.Build.0 = Debug|Any CPU
		{F813DE72-D726-441E-9FF4-98C76A0DFD18}.Release|Any CPU.ActiveCfg = Release|Any CPU
		{F813DE72-D726-441E-9FF4-98C76A0DFD18}.Release|Any CPU.Build.0 = Release|Any CPU
		{204BEAF6-9028-4D12-94CA-FB19159BD013}.Debug|Any CPU.ActiveCfg = Debug|Any CPU
		{204BEAF6-9028-4D12-94CA-FB19159BD013}.Debug|Any CPU.Build.0 = Debug|Any CPU
		{204BEAF6-9028-4D12-94CA-FB19159BD013}.Debug|Any CPU.Deploy.0 = Debug|Any CPU
		{204BEAF6-9028-4D12-94CA-FB19159BD013}.Release|Any CPU.ActiveCfg = Release|Any CPU
		{204BEAF6-9028-4D12-94CA-FB19159BD013}.Release|Any CPU.Build.0 = Release|Any CPU
		{204BEAF6-9028-4D12-94CA-FB19159BD013}.Release|Any CPU.Deploy.0 = Release|Any CPU
	EndGlobalSection
	GlobalSection(SolutionProperties) = preSolution
		HideSolutionNode = FALSE
	EndGlobalSection
	GlobalSection(ExtensibilityGlobals) = postSolution
		SolutionGuid = {22425DAD-23A7-456B-BBFF-B6D773E03EF6}
	EndGlobalSection
EndGlobal
